
Microsoft Visual Studio Solution File, Format Version 12.00
# Visual Studio 15
VisualStudioVersion = 15.0.26430.15
MinimumVisualStudioVersion = 10.0.40219.1
Project("{FAE04EC0-301F-11D3-BF4B-00C04F79EFBC}") = "KBS.Portals.Calculator.Logic", "KBS.Portals.Calculator.Logic\KBS.Portals.Calculator.Logic.csproj", "{CF269F85-0B3A-4A73-AB6A-27646437FE10}"
EndProject
Project("{FAE04EC0-301F-11D3-BF4B-00C04F79EFBC}") = "KBS.Portals.Calculator.Logic.Tests", "KBS.Portals.Calculator.Logic.Tests\KBS.Portals.Calculator.Logic.Tests.csproj", "{47C58210-3669-4219-864F-3D857E8099E1}"
EndProject
Project("{2150E333-8FDC-42A3-9474-1A3956D46DE8}") = "__versioninfo", "__versioninfo", "{8A9E9F07-8207-4875-9403-631634D85DDF}"
	ProjectSection(SolutionItems) = preProject
		GlobalAssemblyInfo.cs = GlobalAssemblyInfo.cs
	EndProjectSection
EndProject
Project("{2150E333-8FDC-42A3-9474-1A3956D46DE8}") = "1. Core", "1. Core", "{9F70C35C-3B95-4328-91DD-E01637A5D2C9}"
EndProject
Project("{2150E333-8FDC-42A3-9474-1A3956D46DE8}") = "2. User Interfaces", "2. User Interfaces", "{7724500F-5612-40CA-B8DD-8CEC9558F22C}"
EndProject
Project("{2150E333-8FDC-42A3-9474-1A3956D46DE8}") = "3. Tests", "3. Tests", "{1008E449-E8A9-45D1-85DD-BA8A80FE2326}"
EndProject
Project("{FAE04EC0-301F-11D3-BF4B-00C04F79EFBC}") = "KBS.Portals.Calculator.Android", "KBS.Portals.Calculator\KBS.Portals.Calculator.Android\KBS.Portals.Calculator.Android.csproj", "{272E1BE4-7BAC-40FB-90C4-16C2F62DB12E}"
EndProject
Project("{FAE04EC0-301F-11D3-BF4B-00C04F79EFBC}") = "KBS.Portals.Calculator", "KBS.Portals.Calculator\KBS.Portals.Calculator\KBS.Portals.Calculator.csproj", "{2024E3DB-B658-42DC-B2F5-126DB709FCD5}"
EndProject
Project("{FAE04EC0-301F-11D3-BF4B-00C04F79EFBC}") = "KBS.Portals.Calculator.iOS", "KBS.Portals.Calculator\KBS.Portals.Calculator.iOS\KBS.Portals.Calculator.iOS.csproj", "{76428C57-E34F-406D-B87F-69E583EA0684}"
EndProject
Project("{2150E333-8FDC-42A3-9474-1A3956D46DE8}") = "4. Website", "4. Website", "{0CBEFB4C-44B6-47B3-A92A-DEC78C886770}"
EndProject
Project("{FAE04EC0-301F-11D3-BF4B-00C04F79EFBC}") = "KBS.Portals.Web", "KBS.Portals.Web\KBS.Portals.Web.csproj", "{FAF6B68B-4F87-4723-8246-AB09E2FC2139}"
EndProject
Global
	GlobalSection(SolutionConfigurationPlatforms) = preSolution
		Ad-Hoc|Any CPU = Ad-Hoc|Any CPU
		Ad-Hoc|ARM = Ad-Hoc|ARM
		Ad-Hoc|iPhone = Ad-Hoc|iPhone
		Ad-Hoc|iPhoneSimulator = Ad-Hoc|iPhoneSimulator
		Ad-Hoc|x64 = Ad-Hoc|x64
		Ad-Hoc|x86 = Ad-Hoc|x86
		AppStore|Any CPU = AppStore|Any CPU
		AppStore|ARM = AppStore|ARM
		AppStore|iPhone = AppStore|iPhone
		AppStore|iPhoneSimulator = AppStore|iPhoneSimulator
		AppStore|x64 = AppStore|x64
		AppStore|x86 = AppStore|x86
		Debug|Any CPU = Debug|Any CPU
		Debug|ARM = Debug|ARM
		Debug|iPhone = Debug|iPhone
		Debug|iPhoneSimulator = Debug|iPhoneSimulator
		Debug|x64 = Debug|x64
		Debug|x86 = Debug|x86
		Release|Any CPU = Release|Any CPU
		Release|ARM = Release|ARM
		Release|iPhone = Release|iPhone
		Release|iPhoneSimulator = Release|iPhoneSimulator
		Release|x64 = Release|x64
		Release|x86 = Release|x86
	EndGlobalSection
	GlobalSection(ProjectConfigurationPlatforms) = postSolution
		{CF269F85-0B3A-4A73-AB6A-27646437FE10}.Ad-Hoc|Any CPU.ActiveCfg = Release|Any CPU
		{CF269F85-0B3A-4A73-AB6A-27646437FE10}.Ad-Hoc|Any CPU.Build.0 = Release|Any CPU
		{CF269F85-0B3A-4A73-AB6A-27646437FE10}.Ad-Hoc|ARM.ActiveCfg = Release|Any CPU
		{CF269F85-0B3A-4A73-AB6A-27646437FE10}.Ad-Hoc|ARM.Build.0 = Release|Any CPU
		{CF269F85-0B3A-4A73-AB6A-27646437FE10}.Ad-Hoc|iPhone.ActiveCfg = Release|Any CPU
		{CF269F85-0B3A-4A73-AB6A-27646437FE10}.Ad-Hoc|iPhone.Build.0 = Release|Any CPU
		{CF269F85-0B3A-4A73-AB6A-27646437FE10}.Ad-Hoc|iPhoneSimulator.ActiveCfg = Release|Any CPU
		{CF269F85-0B3A-4A73-AB6A-27646437FE10}.Ad-Hoc|iPhoneSimulator.Build.0 = Release|Any CPU
		{CF269F85-0B3A-4A73-AB6A-27646437FE10}.Ad-Hoc|x64.ActiveCfg = Release|Any CPU
		{CF269F85-0B3A-4A73-AB6A-27646437FE10}.Ad-Hoc|x64.Build.0 = Release|Any CPU
		{CF269F85-0B3A-4A73-AB6A-27646437FE10}.Ad-Hoc|x86.ActiveCfg = Release|Any CPU
		{CF269F85-0B3A-4A73-AB6A-27646437FE10}.Ad-Hoc|x86.Build.0 = Release|Any CPU
		{CF269F85-0B3A-4A73-AB6A-27646437FE10}.AppStore|Any CPU.ActiveCfg = Release|Any CPU
		{CF269F85-0B3A-4A73-AB6A-27646437FE10}.AppStore|Any CPU.Build.0 = Release|Any CPU
		{CF269F85-0B3A-4A73-AB6A-27646437FE10}.AppStore|ARM.ActiveCfg = Release|Any CPU
		{CF269F85-0B3A-4A73-AB6A-27646437FE10}.AppStore|ARM.Build.0 = Release|Any CPU
		{CF269F85-0B3A-4A73-AB6A-27646437FE10}.AppStore|iPhone.ActiveCfg = Release|Any CPU
		{CF269F85-0B3A-4A73-AB6A-27646437FE10}.AppStore|iPhone.Build.0 = Release|Any CPU
		{CF269F85-0B3A-4A73-AB6A-27646437FE10}.AppStore|iPhoneSimulator.ActiveCfg = Release|Any CPU
		{CF269F85-0B3A-4A73-AB6A-27646437FE10}.AppStore|iPhoneSimulator.Build.0 = Release|Any CPU
		{CF269F85-0B3A-4A73-AB6A-27646437FE10}.AppStore|x64.ActiveCfg = Release|Any CPU
		{CF269F85-0B3A-4A73-AB6A-27646437FE10}.AppStore|x64.Build.0 = Release|Any CPU
		{CF269F85-0B3A-4A73-AB6A-27646437FE10}.AppStore|x86.ActiveCfg = Release|Any CPU
		{CF269F85-0B3A-4A73-AB6A-27646437FE10}.AppStore|x86.Build.0 = Release|Any CPU
		{CF269F85-0B3A-4A73-AB6A-27646437FE10}.Debug|Any CPU.ActiveCfg = Debug|Any CPU
		{CF269F85-0B3A-4A73-AB6A-27646437FE10}.Debug|Any CPU.Build.0 = Debug|Any CPU
		{CF269F85-0B3A-4A73-AB6A-27646437FE10}.Debug|ARM.ActiveCfg = Debug|Any CPU
		{CF269F85-0B3A-4A73-AB6A-27646437FE10}.Debug|ARM.Build.0 = Debug|Any CPU
		{CF269F85-0B3A-4A73-AB6A-27646437FE10}.Debug|iPhone.ActiveCfg = Debug|Any CPU
		{CF269F85-0B3A-4A73-AB6A-27646437FE10}.Debug|iPhone.Build.0 = Debug|Any CPU
		{CF269F85-0B3A-4A73-AB6A-27646437FE10}.Debug|iPhoneSimulator.ActiveCfg = Debug|Any CPU
		{CF269F85-0B3A-4A73-AB6A-27646437FE10}.Debug|iPhoneSimulator.Build.0 = Debug|Any CPU
		{CF269F85-0B3A-4A73-AB6A-27646437FE10}.Debug|x64.ActiveCfg = Debug|Any CPU
		{CF269F85-0B3A-4A73-AB6A-27646437FE10}.Debug|x64.Build.0 = Debug|Any CPU
		{CF269F85-0B3A-4A73-AB6A-27646437FE10}.Debug|x86.ActiveCfg = Debug|Any CPU
		{CF269F85-0B3A-4A73-AB6A-27646437FE10}.Debug|x86.Build.0 = Debug|Any CPU
		{CF269F85-0B3A-4A73-AB6A-27646437FE10}.Release|Any CPU.ActiveCfg = Release|Any CPU
		{CF269F85-0B3A-4A73-AB6A-27646437FE10}.Release|Any CPU.Build.0 = Release|Any CPU
		{CF269F85-0B3A-4A73-AB6A-27646437FE10}.Release|ARM.ActiveCfg = Release|Any CPU
		{CF269F85-0B3A-4A73-AB6A-27646437FE10}.Release|ARM.Build.0 = Release|Any CPU
		{CF269F85-0B3A-4A73-AB6A-27646437FE10}.Release|iPhone.ActiveCfg = Release|Any CPU
		{CF269F85-0B3A-4A73-AB6A-27646437FE10}.Release|iPhone.Build.0 = Release|Any CPU
		{CF269F85-0B3A-4A73-AB6A-27646437FE10}.Release|iPhoneSimulator.ActiveCfg = Release|Any CPU
		{CF269F85-0B3A-4A73-AB6A-27646437FE10}.Release|iPhoneSimulator.Build.0 = Release|Any CPU
		{CF269F85-0B3A-4A73-AB6A-27646437FE10}.Release|x64.ActiveCfg = Release|Any CPU
		{CF269F85-0B3A-4A73-AB6A-27646437FE10}.Release|x64.Build.0 = Release|Any CPU
		{CF269F85-0B3A-4A73-AB6A-27646437FE10}.Release|x86.ActiveCfg = Release|Any CPU
		{CF269F85-0B3A-4A73-AB6A-27646437FE10}.Release|x86.Build.0 = Release|Any CPU
		{47C58210-3669-4219-864F-3D857E8099E1}.Ad-Hoc|Any CPU.ActiveCfg = Release|Any CPU
		{47C58210-3669-4219-864F-3D857E8099E1}.Ad-Hoc|Any CPU.Build.0 = Release|Any CPU
		{47C58210-3669-4219-864F-3D857E8099E1}.Ad-Hoc|ARM.ActiveCfg = Release|Any CPU
		{47C58210-3669-4219-864F-3D857E8099E1}.Ad-Hoc|ARM.Build.0 = Release|Any CPU
		{47C58210-3669-4219-864F-3D857E8099E1}.Ad-Hoc|iPhone.ActiveCfg = Release|Any CPU
		{47C58210-3669-4219-864F-3D857E8099E1}.Ad-Hoc|iPhone.Build.0 = Release|Any CPU
		{47C58210-3669-4219-864F-3D857E8099E1}.Ad-Hoc|iPhoneSimulator.ActiveCfg = Release|Any CPU
		{47C58210-3669-4219-864F-3D857E8099E1}.Ad-Hoc|iPhoneSimulator.Build.0 = Release|Any CPU
		{47C58210-3669-4219-864F-3D857E8099E1}.Ad-Hoc|x64.ActiveCfg = Release|Any CPU
		{47C58210-3669-4219-864F-3D857E8099E1}.Ad-Hoc|x64.Build.0 = Release|Any CPU
		{47C58210-3669-4219-864F-3D857E8099E1}.Ad-Hoc|x86.ActiveCfg = Release|Any CPU
		{47C58210-3669-4219-864F-3D857E8099E1}.Ad-Hoc|x86.Build.0 = Release|Any CPU
		{47C58210-3669-4219-864F-3D857E8099E1}.AppStore|Any CPU.ActiveCfg = Release|Any CPU
		{47C58210-3669-4219-864F-3D857E8099E1}.AppStore|Any CPU.Build.0 = Release|Any CPU
		{47C58210-3669-4219-864F-3D857E8099E1}.AppStore|ARM.ActiveCfg = Release|Any CPU
		{47C58210-3669-4219-864F-3D857E8099E1}.AppStore|ARM.Build.0 = Release|Any CPU
		{47C58210-3669-4219-864F-3D857E8099E1}.AppStore|iPhone.ActiveCfg = Release|Any CPU
		{47C58210-3669-4219-864F-3D857E8099E1}.AppStore|iPhone.Build.0 = Release|Any CPU
		{47C58210-3669-4219-864F-3D857E8099E1}.AppStore|iPhoneSimulator.ActiveCfg = Release|Any CPU
		{47C58210-3669-4219-864F-3D857E8099E1}.AppStore|iPhoneSimulator.Build.0 = Release|Any CPU
		{47C58210-3669-4219-864F-3D857E8099E1}.AppStore|x64.ActiveCfg = Release|Any CPU
		{47C58210-3669-4219-864F-3D857E8099E1}.AppStore|x64.Build.0 = Release|Any CPU
		{47C58210-3669-4219-864F-3D857E8099E1}.AppStore|x86.ActiveCfg = Release|Any CPU
		{47C58210-3669-4219-864F-3D857E8099E1}.AppStore|x86.Build.0 = Release|Any CPU
		{47C58210-3669-4219-864F-3D857E8099E1}.Debug|Any CPU.ActiveCfg = Debug|Any CPU
		{47C58210-3669-4219-864F-3D857E8099E1}.Debug|Any CPU.Build.0 = Debug|Any CPU
		{47C58210-3669-4219-864F-3D857E8099E1}.Debug|ARM.ActiveCfg = Debug|Any CPU
		{47C58210-3669-4219-864F-3D857E8099E1}.Debug|ARM.Build.0 = Debug|Any CPU
		{47C58210-3669-4219-864F-3D857E8099E1}.Debug|iPhone.ActiveCfg = Debug|Any CPU
		{47C58210-3669-4219-864F-3D857E8099E1}.Debug|iPhone.Build.0 = Debug|Any CPU
		{47C58210-3669-4219-864F-3D857E8099E1}.Debug|iPhoneSimulator.ActiveCfg = Debug|Any CPU
		{47C58210-3669-4219-864F-3D857E8099E1}.Debug|iPhoneSimulator.Build.0 = Debug|Any CPU
		{47C58210-3669-4219-864F-3D857E8099E1}.Debug|x64.ActiveCfg = Debug|Any CPU
		{47C58210-3669-4219-864F-3D857E8099E1}.Debug|x64.Build.0 = Debug|Any CPU
		{47C58210-3669-4219-864F-3D857E8099E1}.Debug|x86.ActiveCfg = Debug|Any CPU
		{47C58210-3669-4219-864F-3D857E8099E1}.Debug|x86.Build.0 = Debug|Any CPU
		{47C58210-3669-4219-864F-3D857E8099E1}.Release|Any CPU.ActiveCfg = Release|Any CPU
		{47C58210-3669-4219-864F-3D857E8099E1}.Release|Any CPU.Build.0 = Release|Any CPU
		{47C58210-3669-4219-864F-3D857E8099E1}.Release|ARM.ActiveCfg = Release|Any CPU
		{47C58210-3669-4219-864F-3D857E8099E1}.Release|ARM.Build.0 = Release|Any CPU
		{47C58210-3669-4219-864F-3D857E8099E1}.Release|iPhone.ActiveCfg = Release|Any CPU
		{47C58210-3669-4219-864F-3D857E8099E1}.Release|iPhone.Build.0 = Release|Any CPU
		{47C58210-3669-4219-864F-3D857E8099E1}.Release|iPhoneSimulator.ActiveCfg = Release|Any CPU
		{47C58210-3669-4219-864F-3D857E8099E1}.Release|iPhoneSimulator.Build.0 = Release|Any CPU
		{47C58210-3669-4219-864F-3D857E8099E1}.Release|x64.ActiveCfg = Release|Any CPU
		{47C58210-3669-4219-864F-3D857E8099E1}.Release|x64.Build.0 = Release|Any CPU
		{47C58210-3669-4219-864F-3D857E8099E1}.Release|x86.ActiveCfg = Release|Any CPU
		{47C58210-3669-4219-864F-3D857E8099E1}.Release|x86.Build.0 = Release|Any CPU
		{272E1BE4-7BAC-40FB-90C4-16C2F62DB12E}.Ad-Hoc|Any CPU.ActiveCfg = Release|Any CPU
		{272E1BE4-7BAC-40FB-90C4-16C2F62DB12E}.Ad-Hoc|Any CPU.Build.0 = Release|Any CPU
		{272E1BE4-7BAC-40FB-90C4-16C2F62DB12E}.Ad-Hoc|Any CPU.Deploy.0 = Release|Any CPU
		{272E1BE4-7BAC-40FB-90C4-16C2F62DB12E}.Ad-Hoc|ARM.ActiveCfg = Release|Any CPU
		{272E1BE4-7BAC-40FB-90C4-16C2F62DB12E}.Ad-Hoc|ARM.Build.0 = Release|Any CPU
		{272E1BE4-7BAC-40FB-90C4-16C2F62DB12E}.Ad-Hoc|ARM.Deploy.0 = Release|Any CPU
		{272E1BE4-7BAC-40FB-90C4-16C2F62DB12E}.Ad-Hoc|iPhone.ActiveCfg = Release|Any CPU
		{272E1BE4-7BAC-40FB-90C4-16C2F62DB12E}.Ad-Hoc|iPhone.Build.0 = Release|Any CPU
		{272E1BE4-7BAC-40FB-90C4-16C2F62DB12E}.Ad-Hoc|iPhone.Deploy.0 = Release|Any CPU
		{272E1BE4-7BAC-40FB-90C4-16C2F62DB12E}.Ad-Hoc|iPhoneSimulator.ActiveCfg = Release|Any CPU
		{272E1BE4-7BAC-40FB-90C4-16C2F62DB12E}.Ad-Hoc|iPhoneSimulator.Build.0 = Release|Any CPU
		{272E1BE4-7BAC-40FB-90C4-16C2F62DB12E}.Ad-Hoc|iPhoneSimulator.Deploy.0 = Release|Any CPU
		{272E1BE4-7BAC-40FB-90C4-16C2F62DB12E}.Ad-Hoc|x64.ActiveCfg = Release|Any CPU
		{272E1BE4-7BAC-40FB-90C4-16C2F62DB12E}.Ad-Hoc|x64.Build.0 = Release|Any CPU
		{272E1BE4-7BAC-40FB-90C4-16C2F62DB12E}.Ad-Hoc|x64.Deploy.0 = Release|Any CPU
		{272E1BE4-7BAC-40FB-90C4-16C2F62DB12E}.Ad-Hoc|x86.ActiveCfg = Release|Any CPU
		{272E1BE4-7BAC-40FB-90C4-16C2F62DB12E}.Ad-Hoc|x86.Build.0 = Release|Any CPU
		{272E1BE4-7BAC-40FB-90C4-16C2F62DB12E}.Ad-Hoc|x86.Deploy.0 = Release|Any CPU
		{272E1BE4-7BAC-40FB-90C4-16C2F62DB12E}.AppStore|Any CPU.ActiveCfg = Release|Any CPU
		{272E1BE4-7BAC-40FB-90C4-16C2F62DB12E}.AppStore|Any CPU.Build.0 = Release|Any CPU
		{272E1BE4-7BAC-40FB-90C4-16C2F62DB12E}.AppStore|Any CPU.Deploy.0 = Release|Any CPU
		{272E1BE4-7BAC-40FB-90C4-16C2F62DB12E}.AppStore|ARM.ActiveCfg = Release|Any CPU
		{272E1BE4-7BAC-40FB-90C4-16C2F62DB12E}.AppStore|ARM.Build.0 = Release|Any CPU
		{272E1BE4-7BAC-40FB-90C4-16C2F62DB12E}.AppStore|ARM.Deploy.0 = Release|Any CPU
		{272E1BE4-7BAC-40FB-90C4-16C2F62DB12E}.AppStore|iPhone.ActiveCfg = Release|Any CPU
		{272E1BE4-7BAC-40FB-90C4-16C2F62DB12E}.AppStore|iPhone.Build.0 = Release|Any CPU
		{272E1BE4-7BAC-40FB-90C4-16C2F62DB12E}.AppStore|iPhone.Deploy.0 = Release|Any CPU
		{272E1BE4-7BAC-40FB-90C4-16C2F62DB12E}.AppStore|iPhoneSimulator.ActiveCfg = Release|Any CPU
		{272E1BE4-7BAC-40FB-90C4-16C2F62DB12E}.AppStore|iPhoneSimulator.Build.0 = Release|Any CPU
		{272E1BE4-7BAC-40FB-90C4-16C2F62DB12E}.AppStore|iPhoneSimulator.Deploy.0 = Release|Any CPU
		{272E1BE4-7BAC-40FB-90C4-16C2F62DB12E}.AppStore|x64.ActiveCfg = Release|Any CPU
		{272E1BE4-7BAC-40FB-90C4-16C2F62DB12E}.AppStore|x64.Build.0 = Release|Any CPU
		{272E1BE4-7BAC-40FB-90C4-16C2F62DB12E}.AppStore|x64.Deploy.0 = Release|Any CPU
		{272E1BE4-7BAC-40FB-90C4-16C2F62DB12E}.AppStore|x86.ActiveCfg = Release|Any CPU
		{272E1BE4-7BAC-40FB-90C4-16C2F62DB12E}.AppStore|x86.Build.0 = Release|Any CPU
		{272E1BE4-7BAC-40FB-90C4-16C2F62DB12E}.AppStore|x86.Deploy.0 = Release|Any CPU
		{272E1BE4-7BAC-40FB-90C4-16C2F62DB12E}.Debug|Any CPU.ActiveCfg = Debug|Any CPU
		{272E1BE4-7BAC-40FB-90C4-16C2F62DB12E}.Debug|Any CPU.Build.0 = Debug|Any CPU
		{272E1BE4-7BAC-40FB-90C4-16C2F62DB12E}.Debug|Any CPU.Deploy.0 = Debug|Any CPU
		{272E1BE4-7BAC-40FB-90C4-16C2F62DB12E}.Debug|ARM.ActiveCfg = Debug|Any CPU
		{272E1BE4-7BAC-40FB-90C4-16C2F62DB12E}.Debug|ARM.Build.0 = Debug|Any CPU
		{272E1BE4-7BAC-40FB-90C4-16C2F62DB12E}.Debug|ARM.Deploy.0 = Debug|Any CPU
		{272E1BE4-7BAC-40FB-90C4-16C2F62DB12E}.Debug|iPhone.ActiveCfg = Debug|Any CPU
		{272E1BE4-7BAC-40FB-90C4-16C2F62DB12E}.Debug|iPhone.Build.0 = Debug|Any CPU
		{272E1BE4-7BAC-40FB-90C4-16C2F62DB12E}.Debug|iPhone.Deploy.0 = Debug|Any CPU
		{272E1BE4-7BAC-40FB-90C4-16C2F62DB12E}.Debug|iPhoneSimulator.ActiveCfg = Debug|Any CPU
		{272E1BE4-7BAC-40FB-90C4-16C2F62DB12E}.Debug|iPhoneSimulator.Build.0 = Debug|Any CPU
		{272E1BE4-7BAC-40FB-90C4-16C2F62DB12E}.Debug|iPhoneSimulator.Deploy.0 = Debug|Any CPU
		{272E1BE4-7BAC-40FB-90C4-16C2F62DB12E}.Debug|x64.ActiveCfg = Debug|Any CPU
		{272E1BE4-7BAC-40FB-90C4-16C2F62DB12E}.Debug|x64.Build.0 = Debug|Any CPU
		{272E1BE4-7BAC-40FB-90C4-16C2F62DB12E}.Debug|x64.Deploy.0 = Debug|Any CPU
		{272E1BE4-7BAC-40FB-90C4-16C2F62DB12E}.Debug|x86.ActiveCfg = Debug|Any CPU
		{272E1BE4-7BAC-40FB-90C4-16C2F62DB12E}.Debug|x86.Build.0 = Debug|Any CPU
		{272E1BE4-7BAC-40FB-90C4-16C2F62DB12E}.Debug|x86.Deploy.0 = Debug|Any CPU
		{272E1BE4-7BAC-40FB-90C4-16C2F62DB12E}.Release|Any CPU.ActiveCfg = Release|Any CPU
		{272E1BE4-7BAC-40FB-90C4-16C2F62DB12E}.Release|Any CPU.Build.0 = Release|Any CPU
		{272E1BE4-7BAC-40FB-90C4-16C2F62DB12E}.Release|Any CPU.Deploy.0 = Release|Any CPU
		{272E1BE4-7BAC-40FB-90C4-16C2F62DB12E}.Release|ARM.ActiveCfg = Release|Any CPU
		{272E1BE4-7BAC-40FB-90C4-16C2F62DB12E}.Release|ARM.Build.0 = Release|Any CPU
		{272E1BE4-7BAC-40FB-90C4-16C2F62DB12E}.Release|ARM.Deploy.0 = Release|Any CPU
		{272E1BE4-7BAC-40FB-90C4-16C2F62DB12E}.Release|iPhone.ActiveCfg = Release|Any CPU
		{272E1BE4-7BAC-40FB-90C4-16C2F62DB12E}.Release|iPhone.Build.0 = Release|Any CPU
		{272E1BE4-7BAC-40FB-90C4-16C2F62DB12E}.Release|iPhone.Deploy.0 = Release|Any CPU
		{272E1BE4-7BAC-40FB-90C4-16C2F62DB12E}.Release|iPhoneSimulator.ActiveCfg = Release|Any CPU
		{272E1BE4-7BAC-40FB-90C4-16C2F62DB12E}.Release|iPhoneSimulator.Build.0 = Release|Any CPU
		{272E1BE4-7BAC-40FB-90C4-16C2F62DB12E}.Release|iPhoneSimulator.Deploy.0 = Release|Any CPU
		{272E1BE4-7BAC-40FB-90C4-16C2F62DB12E}.Release|x64.ActiveCfg = Release|Any CPU
		{272E1BE4-7BAC-40FB-90C4-16C2F62DB12E}.Release|x64.Build.0 = Release|Any CPU
		{272E1BE4-7BAC-40FB-90C4-16C2F62DB12E}.Release|x64.Deploy.0 = Release|Any CPU
		{272E1BE4-7BAC-40FB-90C4-16C2F62DB12E}.Release|x86.ActiveCfg = Release|Any CPU
		{272E1BE4-7BAC-40FB-90C4-16C2F62DB12E}.Release|x86.Build.0 = Release|Any CPU
		{272E1BE4-7BAC-40FB-90C4-16C2F62DB12E}.Release|x86.Deploy.0 = Release|Any CPU
		{2024E3DB-B658-42DC-B2F5-126DB709FCD5}.Ad-Hoc|Any CPU.ActiveCfg = Release|Any CPU
		{2024E3DB-B658-42DC-B2F5-126DB709FCD5}.Ad-Hoc|Any CPU.Build.0 = Release|Any CPU
		{2024E3DB-B658-42DC-B2F5-126DB709FCD5}.Ad-Hoc|ARM.ActiveCfg = Release|Any CPU
		{2024E3DB-B658-42DC-B2F5-126DB709FCD5}.Ad-Hoc|ARM.Build.0 = Release|Any CPU
		{2024E3DB-B658-42DC-B2F5-126DB709FCD5}.Ad-Hoc|iPhone.ActiveCfg = Release|Any CPU
		{2024E3DB-B658-42DC-B2F5-126DB709FCD5}.Ad-Hoc|iPhone.Build.0 = Release|Any CPU
		{2024E3DB-B658-42DC-B2F5-126DB709FCD5}.Ad-Hoc|iPhoneSimulator.ActiveCfg = Release|Any CPU
		{2024E3DB-B658-42DC-B2F5-126DB709FCD5}.Ad-Hoc|iPhoneSimulator.Build.0 = Release|Any CPU
		{2024E3DB-B658-42DC-B2F5-126DB709FCD5}.Ad-Hoc|x64.ActiveCfg = Release|Any CPU
		{2024E3DB-B658-42DC-B2F5-126DB709FCD5}.Ad-Hoc|x64.Build.0 = Release|Any CPU
		{2024E3DB-B658-42DC-B2F5-126DB709FCD5}.Ad-Hoc|x86.ActiveCfg = Release|Any CPU
		{2024E3DB-B658-42DC-B2F5-126DB709FCD5}.Ad-Hoc|x86.Build.0 = Release|Any CPU
		{2024E3DB-B658-42DC-B2F5-126DB709FCD5}.AppStore|Any CPU.ActiveCfg = Release|Any CPU
		{2024E3DB-B658-42DC-B2F5-126DB709FCD5}.AppStore|Any CPU.Build.0 = Release|Any CPU
		{2024E3DB-B658-42DC-B2F5-126DB709FCD5}.AppStore|ARM.ActiveCfg = Release|Any CPU
		{2024E3DB-B658-42DC-B2F5-126DB709FCD5}.AppStore|ARM.Build.0 = Release|Any CPU
		{2024E3DB-B658-42DC-B2F5-126DB709FCD5}.AppStore|iPhone.ActiveCfg = Release|Any CPU
		{2024E3DB-B658-42DC-B2F5-126DB709FCD5}.AppStore|iPhone.Build.0 = Release|Any CPU
		{2024E3DB-B658-42DC-B2F5-126DB709FCD5}.AppStore|iPhoneSimulator.ActiveCfg = Release|Any CPU
		{2024E3DB-B658-42DC-B2F5-126DB709FCD5}.AppStore|iPhoneSimulator.Build.0 = Release|Any CPU
		{2024E3DB-B658-42DC-B2F5-126DB709FCD5}.AppStore|x64.ActiveCfg = Release|Any CPU
		{2024E3DB-B658-42DC-B2F5-126DB709FCD5}.AppStore|x64.Build.0 = Release|Any CPU
		{2024E3DB-B658-42DC-B2F5-126DB709FCD5}.AppStore|x86.ActiveCfg = Release|Any CPU
		{2024E3DB-B658-42DC-B2F5-126DB709FCD5}.AppStore|x86.Build.0 = Release|Any CPU
		{2024E3DB-B658-42DC-B2F5-126DB709FCD5}.Debug|Any CPU.ActiveCfg = Debug|Any CPU
		{2024E3DB-B658-42DC-B2F5-126DB709FCD5}.Debug|Any CPU.Build.0 = Debug|Any CPU
		{2024E3DB-B658-42DC-B2F5-126DB709FCD5}.Debug|ARM.ActiveCfg = Debug|Any CPU
		{2024E3DB-B658-42DC-B2F5-126DB709FCD5}.Debug|ARM.Build.0 = Debug|Any CPU
		{2024E3DB-B658-42DC-B2F5-126DB709FCD5}.Debug|iPhone.ActiveCfg = Debug|Any CPU
		{2024E3DB-B658-42DC-B2F5-126DB709FCD5}.Debug|iPhone.Build.0 = Debug|Any CPU
		{2024E3DB-B658-42DC-B2F5-126DB709FCD5}.Debug|iPhoneSimulator.ActiveCfg = Debug|Any CPU
		{2024E3DB-B658-42DC-B2F5-126DB709FCD5}.Debug|iPhoneSimulator.Build.0 = Debug|Any CPU
		{2024E3DB-B658-42DC-B2F5-126DB709FCD5}.Debug|x64.ActiveCfg = Debug|Any CPU
		{2024E3DB-B658-42DC-B2F5-126DB709FCD5}.Debug|x64.Build.0 = Debug|Any CPU
		{2024E3DB-B658-42DC-B2F5-126DB709FCD5}.Debug|x86.ActiveCfg = Debug|Any CPU
		{2024E3DB-B658-42DC-B2F5-126DB709FCD5}.Debug|x86.Build.0 = Debug|Any CPU
		{2024E3DB-B658-42DC-B2F5-126DB709FCD5}.Release|Any CPU.ActiveCfg = Release|Any CPU
		{2024E3DB-B658-42DC-B2F5-126DB709FCD5}.Release|Any CPU.Build.0 = Release|Any CPU
		{2024E3DB-B658-42DC-B2F5-126DB709FCD5}.Release|ARM.ActiveCfg = Release|Any CPU
		{2024E3DB-B658-42DC-B2F5-126DB709FCD5}.Release|ARM.Build.0 = Release|Any CPU
		{2024E3DB-B658-42DC-B2F5-126DB709FCD5}.Release|iPhone.ActiveCfg = Release|Any CPU
		{2024E3DB-B658-42DC-B2F5-126DB709FCD5}.Release|iPhone.Build.0 = Release|Any CPU
		{2024E3DB-B658-42DC-B2F5-126DB709FCD5}.Release|iPhoneSimulator.ActiveCfg = Release|Any CPU
		{2024E3DB-B658-42DC-B2F5-126DB709FCD5}.Release|iPhoneSimulator.Build.0 = Release|Any CPU
		{2024E3DB-B658-42DC-B2F5-126DB709FCD5}.Release|x64.ActiveCfg = Release|Any CPU
		{2024E3DB-B658-42DC-B2F5-126DB709FCD5}.Release|x64.Build.0 = Release|Any CPU
		{2024E3DB-B658-42DC-B2F5-126DB709FCD5}.Release|x86.ActiveCfg = Release|Any CPU
		{2024E3DB-B658-42DC-B2F5-126DB709FCD5}.Release|x86.Build.0 = Release|Any CPU
		{76428C57-E34F-406D-B87F-69E583EA0684}.Ad-Hoc|Any CPU.ActiveCfg = Ad-Hoc|iPhone
		{76428C57-E34F-406D-B87F-69E583EA0684}.Ad-Hoc|ARM.ActiveCfg = Ad-Hoc|iPhone
		{76428C57-E34F-406D-B87F-69E583EA0684}.Ad-Hoc|iPhone.ActiveCfg = Ad-Hoc|iPhone
		{76428C57-E34F-406D-B87F-69E583EA0684}.Ad-Hoc|iPhone.Build.0 = Ad-Hoc|iPhone
		{76428C57-E34F-406D-B87F-69E583EA0684}.Ad-Hoc|iPhoneSimulator.ActiveCfg = Ad-Hoc|iPhoneSimulator
		{76428C57-E34F-406D-B87F-69E583EA0684}.Ad-Hoc|iPhoneSimulator.Build.0 = Ad-Hoc|iPhoneSimulator
		{76428C57-E34F-406D-B87F-69E583EA0684}.Ad-Hoc|x64.ActiveCfg = Ad-Hoc|iPhone
		{76428C57-E34F-406D-B87F-69E583EA0684}.Ad-Hoc|x86.ActiveCfg = Ad-Hoc|iPhone
		{76428C57-E34F-406D-B87F-69E583EA0684}.AppStore|Any CPU.ActiveCfg = AppStore|iPhone
		{76428C57-E34F-406D-B87F-69E583EA0684}.AppStore|ARM.ActiveCfg = AppStore|iPhone
		{76428C57-E34F-406D-B87F-69E583EA0684}.AppStore|iPhone.ActiveCfg = AppStore|iPhone
		{76428C57-E34F-406D-B87F-69E583EA0684}.AppStore|iPhone.Build.0 = AppStore|iPhone
		{76428C57-E34F-406D-B87F-69E583EA0684}.AppStore|iPhoneSimulator.ActiveCfg = AppStore|iPhoneSimulator
		{76428C57-E34F-406D-B87F-69E583EA0684}.AppStore|iPhoneSimulator.Build.0 = AppStore|iPhoneSimulator
		{76428C57-E34F-406D-B87F-69E583EA0684}.AppStore|x64.ActiveCfg = AppStore|iPhone
		{76428C57-E34F-406D-B87F-69E583EA0684}.AppStore|x86.ActiveCfg = AppStore|iPhone
		{76428C57-E34F-406D-B87F-69E583EA0684}.Debug|Any CPU.ActiveCfg = Debug|iPhone
		{76428C57-E34F-406D-B87F-69E583EA0684}.Debug|ARM.ActiveCfg = Debug|iPhone
		{76428C57-E34F-406D-B87F-69E583EA0684}.Debug|iPhone.ActiveCfg = Debug|iPhone
		{76428C57-E34F-406D-B87F-69E583EA0684}.Debug|iPhone.Build.0 = Debug|iPhone
		{76428C57-E34F-406D-B87F-69E583EA0684}.Debug|iPhoneSimulator.ActiveCfg = Debug|iPhoneSimulator
		{76428C57-E34F-406D-B87F-69E583EA0684}.Debug|iPhoneSimulator.Build.0 = Debug|iPhoneSimulator
		{76428C57-E34F-406D-B87F-69E583EA0684}.Debug|x64.ActiveCfg = Debug|iPhone
		{76428C57-E34F-406D-B87F-69E583EA0684}.Debug|x86.ActiveCfg = Debug|iPhone
		{76428C57-E34F-406D-B87F-69E583EA0684}.Release|Any CPU.ActiveCfg = Release|iPhone
		{76428C57-E34F-406D-B87F-69E583EA0684}.Release|ARM.ActiveCfg = Release|iPhone
		{76428C57-E34F-406D-B87F-69E583EA0684}.Release|iPhone.ActiveCfg = Release|iPhone
		{76428C57-E34F-406D-B87F-69E583EA0684}.Release|iPhone.Build.0 = Release|iPhone
		{76428C57-E34F-406D-B87F-69E583EA0684}.Release|iPhoneSimulator.ActiveCfg = Release|iPhoneSimulator
		{76428C57-E34F-406D-B87F-69E583EA0684}.Release|iPhoneSimulator.Build.0 = Release|iPhoneSimulator
		{76428C57-E34F-406D-B87F-69E583EA0684}.Release|x64.ActiveCfg = Release|iPhone
		{76428C57-E34F-406D-B87F-69E583EA0684}.Release|x86.ActiveCfg = Release|iPhone
		{FAF6B68B-4F87-4723-8246-AB09E2FC2139}.Ad-Hoc|Any CPU.ActiveCfg = Release|Any CPU
		{FAF6B68B-4F87-4723-8246-AB09E2FC2139}.Ad-Hoc|Any CPU.Build.0 = Release|Any CPU
		{FAF6B68B-4F87-4723-8246-AB09E2FC2139}.Ad-Hoc|ARM.ActiveCfg = Release|Any CPU
		{FAF6B68B-4F87-4723-8246-AB09E2FC2139}.Ad-Hoc|ARM.Build.0 = Release|Any CPU
		{FAF6B68B-4F87-4723-8246-AB09E2FC2139}.Ad-Hoc|iPhone.ActiveCfg = Release|Any CPU
		{FAF6B68B-4F87-4723-8246-AB09E2FC2139}.Ad-Hoc|iPhone.Build.0 = Release|Any CPU
		{FAF6B68B-4F87-4723-8246-AB09E2FC2139}.Ad-Hoc|iPhoneSimulator.ActiveCfg = Release|Any CPU
		{FAF6B68B-4F87-4723-8246-AB09E2FC2139}.Ad-Hoc|iPhoneSimulator.Build.0 = Release|Any CPU
		{FAF6B68B-4F87-4723-8246-AB09E2FC2139}.Ad-Hoc|x64.ActiveCfg = Release|Any CPU
		{FAF6B68B-4F87-4723-8246-AB09E2FC2139}.Ad-Hoc|x64.Build.0 = Release|Any CPU
		{FAF6B68B-4F87-4723-8246-AB09E2FC2139}.Ad-Hoc|x86.ActiveCfg = Release|Any CPU
		{FAF6B68B-4F87-4723-8246-AB09E2FC2139}.Ad-Hoc|x86.Build.0 = Release|Any CPU
		{FAF6B68B-4F87-4723-8246-AB09E2FC2139}.AppStore|Any CPU.ActiveCfg = Release|Any CPU
		{FAF6B68B-4F87-4723-8246-AB09E2FC2139}.AppStore|Any CPU.Build.0 = Release|Any CPU
		{FAF6B68B-4F87-4723-8246-AB09E2FC2139}.AppStore|ARM.ActiveCfg = Release|Any CPU
		{FAF6B68B-4F87-4723-8246-AB09E2FC2139}.AppStore|ARM.Build.0 = Release|Any CPU
		{FAF6B68B-4F87-4723-8246-AB09E2FC2139}.AppStore|iPhone.ActiveCfg = Release|Any CPU
		{FAF6B68B-4F87-4723-8246-AB09E2FC2139}.AppStore|iPhone.Build.0 = Release|Any CPU
		{FAF6B68B-4F87-4723-8246-AB09E2FC2139}.AppStore|iPhoneSimulator.ActiveCfg = Release|Any CPU
		{FAF6B68B-4F87-4723-8246-AB09E2FC2139}.AppStore|iPhoneSimulator.Build.0 = Release|Any CPU
		{FAF6B68B-4F87-4723-8246-AB09E2FC2139}.AppStore|x64.ActiveCfg = Release|Any CPU
		{FAF6B68B-4F87-4723-8246-AB09E2FC2139}.AppStore|x64.Build.0 = Release|Any CPU
		{FAF6B68B-4F87-4723-8246-AB09E2FC2139}.AppStore|x86.ActiveCfg = Release|Any CPU
		{FAF6B68B-4F87-4723-8246-AB09E2FC2139}.AppStore|x86.Build.0 = Release|Any CPU
		{FAF6B68B-4F87-4723-8246-AB09E2FC2139}.Debug|Any CPU.ActiveCfg = Debug|Any CPU
		{FAF6B68B-4F87-4723-8246-AB09E2FC2139}.Debug|Any CPU.Build.0 = Debug|Any CPU
		{FAF6B68B-4F87-4723-8246-AB09E2FC2139}.Debug|ARM.ActiveCfg = Debug|Any CPU
		{FAF6B68B-4F87-4723-8246-AB09E2FC2139}.Debug|ARM.Build.0 = Debug|Any CPU
		{FAF6B68B-4F87-4723-8246-AB09E2FC2139}.Debug|iPhone.ActiveCfg = Debug|Any CPU
		{FAF6B68B-4F87-4723-8246-AB09E2FC2139}.Debug|iPhone.Build.0 = Debug|Any CPU
		{FAF6B68B-4F87-4723-8246-AB09E2FC2139}.Debug|iPhoneSimulator.ActiveCfg = Debug|Any CPU
		{FAF6B68B-4F87-4723-8246-AB09E2FC2139}.Debug|iPhoneSimulator.Build.0 = Debug|Any CPU
		{FAF6B68B-4F87-4723-8246-AB09E2FC2139}.Debug|x64.ActiveCfg = Debug|Any CPU
		{FAF6B68B-4F87-4723-8246-AB09E2FC2139}.Debug|x64.Build.0 = Debug|Any CPU
		{FAF6B68B-4F87-4723-8246-AB09E2FC2139}.Debug|x86.ActiveCfg = Debug|Any CPU
		{FAF6B68B-4F87-4723-8246-AB09E2FC2139}.Debug|x86.Build.0 = Debug|Any CPU
		{FAF6B68B-4F87-4723-8246-AB09E2FC2139}.Release|Any CPU.ActiveCfg = Release|Any CPU
		{FAF6B68B-4F87-4723-8246-AB09E2FC2139}.Release|Any CPU.Build.0 = Release|Any CPU
		{FAF6B68B-4F87-4723-8246-AB09E2FC2139}.Release|ARM.ActiveCfg = Release|Any CPU
		{FAF6B68B-4F87-4723-8246-AB09E2FC2139}.Release|ARM.Build.0 = Release|Any CPU
		{FAF6B68B-4F87-4723-8246-AB09E2FC2139}.Release|iPhone.ActiveCfg = Release|Any CPU
		{FAF6B68B-4F87-4723-8246-AB09E2FC2139}.Release|iPhone.Build.0 = Release|Any CPU
		{FAF6B68B-4F87-4723-8246-AB09E2FC2139}.Release|iPhoneSimulator.ActiveCfg = Release|Any CPU
		{FAF6B68B-4F87-4723-8246-AB09E2FC2139}.Release|iPhoneSimulator.Build.0 = Release|Any CPU
		{FAF6B68B-4F87-4723-8246-AB09E2FC2139}.Release|x64.ActiveCfg = Release|Any CPU
		{FAF6B68B-4F87-4723-8246-AB09E2FC2139}.Release|x64.Build.0 = Release|Any CPU
		{FAF6B68B-4F87-4723-8246-AB09E2FC2139}.Release|x86.ActiveCfg = Release|Any CPU
		{FAF6B68B-4F87-4723-8246-AB09E2FC2139}.Release|x86.Build.0 = Release|Any CPU
	EndGlobalSection
	GlobalSection(SolutionProperties) = preSolution
		HideSolutionNode = FALSE
	EndGlobalSection
	GlobalSection(NestedProjects) = preSolution
		{CF269F85-0B3A-4A73-AB6A-27646437FE10} = {9F70C35C-3B95-4328-91DD-E01637A5D2C9}
		{47C58210-3669-4219-864F-3D857E8099E1} = {1008E449-E8A9-45D1-85DD-BA8A80FE2326}
		{272E1BE4-7BAC-40FB-90C4-16C2F62DB12E} = {7724500F-5612-40CA-B8DD-8CEC9558F22C}
		{2024E3DB-B658-42DC-B2F5-126DB709FCD5} = {7724500F-5612-40CA-B8DD-8CEC9558F22C}
		{76428C57-E34F-406D-B87F-69E583EA0684} = {7724500F-5612-40CA-B8DD-8CEC9558F22C}
		{FAF6B68B-4F87-4723-8246-AB09E2FC2139} = {0CBEFB4C-44B6-47B3-A92A-DEC78C886770}
	EndGlobalSection
EndGlobal
